// !$*UTF8*$!
{
	archiveVersion = 1;
	classes = {
	};
	objectVersion = 60;
	objects = {

/* Begin PBXBuildFile section */
		7404262B2F19900900E398D9 /* Assets.xcassets in Resources */ = {isa = PBXBuildFile; fileRef = 740426212F19900900E398D9 /* Assets.xcassets */; };
		7404262D2F19900900E398D9 /* LaunchScreen.storyboard in Resources */ = {isa = PBXBuildFile; fileRef = 740426252F19900900E398D9 /* LaunchScreen.storyboard */; };
		7404262E2F19900900E398D9 /* Main.storyboard in Resources */ = {isa = PBXBuildFile; fileRef = 740426272F19900900E398D9 /* Main.storyboard */; };
		7404262F2F19900900E398D9 /* AppColors.swift in Sources */ = {isa = PBXBuildFile; fileRef = 740426072F19900900E398D9 /* AppColors.swift */; };
		740426302F19900900E398D9 /* Achievement.swift in Sources */ = {isa = PBXBuildFile; fileRef = 740426092F19900900E398D9 /* Achievement.swift */; };
		740426312F19900900E398D9 /* GameProgress.swift in Sources */ = {isa = PBXBuildFile; fileRef = 7404260A2F19900900E398D9 /* GameProgress.swift */; };
		740426322F19900900E398D9 /* PixelElement.swift in Sources */ = {isa = PBXBuildFile; fileRef = 7404260B2F19900900E398D9 /* PixelElement.swift */; };
		740426332F19900900E398D9 /* RepairType.swift in Sources */ = {isa = PBXBuildFile; fileRef = 7404260C2F19900900E398D9 /* RepairType.swift */; };
		740426342F19900900E398D9 /* Tool.swift in Sources */ = {isa = PBXBuildFile; fileRef = 7404260D2F19900900E398D9 /* Tool.swift */; };
		740426352F19900900E398D9 /* ToolStatus.swift in Sources */ = {isa = PBXBuildFile; fileRef = 7404260E2F19900900E398D9 /* ToolStatus.swift */; };
		740426362F19900900E398D9 /* ProgressViewModel.swift in Sources */ = {isa = PBXBuildFile; fileRef = 740426102F19900900E398D9 /* ProgressViewModel.swift */; };
		740426372F19900900E398D9 /* PuzzleLevelViewModel.swift in Sources */ = {isa = PBXBuildFile; fileRef = 740426112F19900900E398D9 /* PuzzleLevelViewModel.swift */; };
		740426382F19900900E398D9 /* WorkshopViewModel.swift in Sources */ = {isa = PBXBuildFile; fileRef = 740426122F19900900E398D9 /* WorkshopViewModel.swift */; };
		740426392F19900900E398D9 /* CheckLink.swift in Sources */ = {isa = PBXBuildFile; fileRef = 740426142F19900900E398D9 /* CheckLink.swift */; };
		7404263A2F19900900E398D9 /* InternetViewController.swift in Sources */ = {isa = PBXBuildFile; fileRef = 740426152F19900900E398D9 /* InternetViewController.swift */; };
		7404263B2F19900900E398D9 /* LoaderViewController.swift in Sources */ = {isa = PBXBuildFile; fileRef = 740426162F19900900E398D9 /* LoaderViewController.swift */; };
		7404263C2F19900900E398D9 /* AchievementsView.swift in Sources */ = {isa = PBXBuildFile; fileRef = 740426182F19900900E398D9 /* AchievementsView.swift */; };
		7404263D2F19900900E398D9 /* OnboardingView.swift in Sources */ = {isa = PBXBuildFile; fileRef = 740426192F19900900E398D9 /* OnboardingView.swift */; };
		7404263E2F19900900E398D9 /* PuzzleLevelView.swift in Sources */ = {isa = PBXBuildFile; fileRef = 7404261A2F19900900E398D9 /* PuzzleLevelView.swift */; };
		7404263F2F19900900E398D9 /* SettingsView.swift in Sources */ = {isa = PBXBuildFile; fileRef = 7404261B2F19900900E398D9 /* SettingsView.swift */; };
		740426402F19900900E398D9 /* ToolsView.swift in Sources */ = {isa = PBXBuildFile; fileRef = 7404261C2F19900900E398D9 /* ToolsView.swift */; };
		740426412F19900900E398D9 /* UtilityView.swift in Sources */ = {isa = PBXBuildFile; fileRef = 7404261D2F19900900E398D9 /* UtilityView.swift */; };
		740426422F19900900E398D9 /* WorkshopView.swift in Sources */ = {isa = PBXBuildFile; fileRef = 7404261E2F19900900E398D9 /* WorkshopView.swift */; };
		740426432F19900900E398D9 /* AppDelegate.swift in Sources */ = {isa = PBXBuildFile; fileRef = 740426202F19900900E398D9 /* AppDelegate.swift */; };
		740426442F19900900E398D9 /* ContentView.swift in Sources */ = {isa = PBXBuildFile; fileRef = 740426222F19900900E398D9 /* ContentView.swift */; };
		740426452F19900900E398D9 /* SceneDelegate.swift in Sources */ = {isa = PBXBuildFile; fileRef = 740426282F19900900E398D9 /* SceneDelegate.swift */; };
		740426462F19900900E398D9 /* ViewController.swift in Sources */ = {isa = PBXBuildFile; fileRef = 740426292F19900900E398D9 /* ViewController.swift */; };
/* End PBXBuildFile section */

/* Begin PBXFileReference section */
		740426072F19900900E398D9 /* AppColors.swift */ = {isa = PBXFileReference; lastKnownFileType = sourcecode.swift; path = AppColors.swift; sourceTree = "<group>"; };
		740426092F19900900E398D9 /* Achievement.swift */ = {isa = PBXFileReference; lastKnownFileType = sourcecode.swift; path = Achievement.swift; sourceTree = "<group>"; };
		7404260A2F19900900E398D9 /* GameProgress.swift */ = {isa = PBXFileReference; lastKnownFileType = sourcecode.swift; path = GameProgress.swift; sourceTree = "<group>"; };
		7404260B2F19900900E398D9 /* PixelElement.swift */ = {isa = PBXFileReference; lastKnownFileType = sourcecode.swift; path = PixelElement.swift; sourceTree = "<group>"; };
		7404260C2F19900900E398D9 /* RepairType.swift */ = {isa = PBXFileReference; lastKnownFileType = sourcecode.swift; path = RepairType.swift; sourceTree = "<group>"; };
		7404260D2F19900900E398D9 /* Tool.swift */ = {isa = PBXFileReference; lastKnownFileType = sourcecode.swift; path = Tool.swift; sourceTree = "<group>"; };
		7404260E2F19900900E398D9 /* ToolStatus.swift */ = {isa = PBXFileReference; lastKnownFileType = sourcecode.swift; path = ToolStatus.swift; sourceTree = "<group>"; };
		740426102F19900900E398D9 /* ProgressViewModel.swift */ = {isa = PBXFileReference; lastKnownFileType = sourcecode.swift; path = ProgressViewModel.swift; sourceTree = "<group>"; };
		740426112F19900900E398D9 /* PuzzleLevelViewModel.swift */ = {isa = PBXFileReference; lastKnownFileType = sourcecode.swift; path = PuzzleLevelViewModel.swift; sourceTree = "<group>"; };
		740426122F19900900E398D9 /* WorkshopViewModel.swift */ = {isa = PBXFileReference; lastKnownFileType = sourcecode.swift; path = WorkshopViewModel.swift; sourceTree = "<group>"; };
		740426142F19900900E398D9 /* CheckLink.swift */ = {isa = PBXFileReference; lastKnownFileType = sourcecode.swift; path = CheckLink.swift; sourceTree = "<group>"; };
		740426152F19900900E398D9 /* InternetViewController.swift */ = {isa = PBXFileReference; lastKnownFileType = sourcecode.swift; path = InternetViewController.swift; sourceTree = "<group>"; };
		740426162F19900900E398D9 /* LoaderViewController.swift */ = {isa = PBXFileReference; lastKnownFileType = sourcecode.swift; path = LoaderViewController.swift; sourceTree = "<group>"; };
		740426182F19900900E398D9 /* AchievementsView.swift */ = {isa = PBXFileReference; lastKnownFileType = sourcecode.swift; path = AchievementsView.swift; sourceTree = "<group>"; };
		740426192F19900900E398D9 /* OnboardingView.swift */ = {isa = PBXFileReference; lastKnownFileType = sourcecode.swift; path = OnboardingView.swift; sourceTree = "<group>"; };
		7404261A2F19900900E398D9 /* PuzzleLevelView.swift */ = {isa = PBXFileReference; lastKnownFileType = sourcecode.swift; path = PuzzleLevelView.swift; sourceTree = "<group>"; };
		7404261B2F19900900E398D9 /* SettingsView.swift */ = {isa = PBXFileReference; lastKnownFileType = sourcecode.swift; path = SettingsView.swift; sourceTree = "<group>"; };
		7404261C2F19900900E398D9 /* ToolsView.swift */ = {isa = PBXFileReference; lastKnownFileType = sourcecode.swift; path = ToolsView.swift; sourceTree = "<group>"; };
		7404261D2F19900900E398D9 /* UtilityView.swift */ = {isa = PBXFileReference; lastKnownFileType = sourcecode.swift; path = UtilityView.swift; sourceTree = "<group>"; };
		7404261E2F19900900E398D9 /* WorkshopView.swift */ = {isa = PBXFileReference; lastKnownFileType = sourcecode.swift; path = WorkshopView.swift; sourceTree = "<group>"; };
		740426202F19900900E398D9 /* AppDelegate.swift */ = {isa = PBXFileReference; lastKnownFileType = sourcecode.swift; path = AppDelegate.swift; sourceTree = "<group>"; };
		740426212F19900900E398D9 /* Assets.xcassets */ = {isa = PBXFileReference; lastKnownFileType = folder.assetcatalog; path = Assets.xcassets; sourceTree = "<group>"; };
		740426222F19900900E398D9 /* ContentView.swift */ = {isa = PBXFileReference; lastKnownFileType = sourcecode.swift; path = ContentView.swift; sourceTree = "<group>"; };
		740426232F19900900E398D9 /* Info.plist */ = {isa = PBXFileReference; lastKnownFileType = text.plist.xml; path = Info.plist; sourceTree = "<group>"; };
		740426242F19900900E398D9 /* Base */ = {isa = PBXFileReference; lastKnownFileType = file.storyboard; name = Base; path = Base.lproj/LaunchScreen.storyboard; sourceTree = "<group>"; };
		740426262F19900900E398D9 /* Base */ = {isa = PBXFileReference; lastKnownFileType = file.storyboard; name = Base; path = Base.lproj/Main.storyboard; sourceTree = "<group>"; };
		740426282F19900900E398D9 /* SceneDelegate.swift */ = {isa = PBXFileReference; lastKnownFileType = sourcecode.swift; path = SceneDelegate.swift; sourceTree = "<group>"; };
		740426292F19900900E398D9 /* ViewController.swift */ = {isa = PBXFileReference; lastKnownFileType = sourcecode.swift; path = ViewController.swift; sourceTree = "<group>"; };
		74960FF82F140D56006AD303 /* 49RoutineRacer.app */ = {isa = PBXFileReference; explicitFileType = wrapper.application; includeInIndex = 0; path = 49RoutineRacer.app; sourceTree = BUILT_PRODUCTS_DIR; };
		8C5D7F7766D4F55E635253C8 /* Pods_49RoutineRacer.framework */ = {isa = PBXFileReference; explicitFileType = wrapper.framework; includeInIndex = 0; path = Pods_49RoutineRacer.framework; sourceTree = BUILT_PRODUCTS_DIR; };
		97AB26F2166D7A5E32FB6F4D /* Pods-49RoutineRacer.debug.xcconfig */ = {isa = PBXFileReference; includeInIndex = 1; lastKnownFileType = text.xcconfig; name = "Pods-49RoutineRacer.debug.xcconfig"; path = "Target Support Files/Pods-49RoutineRacer/Pods-49RoutineRacer.debug.xcconfig"; sourceTree = "<group>"; };
		AE90A458247572320465E185 /* Pods-49RoutineRacer.release.xcconfig */ = {isa = PBXFileReference; includeInIndex = 1; lastKnownFileType = text.xcconfig; name = "Pods-49RoutineRacer.release.xcconfig"; path = "Target Support Files/Pods-49RoutineRacer/Pods-49RoutineRacer.release.xcconfig"; sourceTree = "<group>"; };
/* End PBXFileReference section */

/* Begin PBXFrameworksBuildPhase section */
		74960FF52F140D56006AD303 /* Frameworks */ = {
			isa = PBXFrameworksBuildPhase;
			buildActionMask = 2147483647;
			files = (
			);
			runOnlyForDeploymentPostprocessing = 0;
		};
/* End PBXFrameworksBuildPhase section */

/* Begin PBXGroup section */
		63F339E7DDB86C449FFBB6AA /* Pods */ = {
			isa = PBXGroup;
			children = (
				97AB26F2166D7A5E32FB6F4D /* Pods-49RoutineRacer.debug.xcconfig */,
				AE90A458247572320465E185 /* Pods-49RoutineRacer.release.xcconfig */,
			);
			path = Pods;
			sourceTree = "<group>";
		};
		740426082F19900900E398D9 /* Constants */ = {
			isa = PBXGroup;
			children = (
				740426072F19900900E398D9 /* AppColors.swift */,
			);
			path = Constants;
			sourceTree = "<group>";
		};
		7404260F2F19900900E398D9 /* Models */ = {
			isa = PBXGroup;
			children = (
				740426092F19900900E398D9 /* Achievement.swift */,
				7404260A2F19900900E398D9 /* GameProgress.swift */,
				7404260B2F19900900E398D9 /* PixelElement.swift */,
				7404260C2F19900900E398D9 /* RepairType.swift */,
				7404260D2F19900900E398D9 /* Tool.swift */,
				7404260E2F19900900E398D9 /* ToolStatus.swift */,
			);
			path = Models;
			sourceTree = "<group>";
		};
		740426132F19900900E398D9 /* ViewModels */ = {
			isa = PBXGroup;
			children = (
				740426102F19900900E398D9 /* ProgressViewModel.swift */,
				740426112F19900900E398D9 /* PuzzleLevelViewModel.swift */,
				740426122F19900900E398D9 /* WorkshopViewModel.swift */,
			);
			path = ViewModels;
			sourceTree = "<group>";
		};
		740426172F19900900E398D9 /* LoadingView */ = {
			isa = PBXGroup;
			children = (
				740426142F19900900E398D9 /* CheckLink.swift */,
				740426152F19900900E398D9 /* InternetViewController.swift */,
				740426162F19900900E398D9 /* LoaderViewController.swift */,
			);
			path = LoadingView;
			sourceTree = "<group>";
		};
		7404261F2F19900900E398D9 /* Views */ = {
			isa = PBXGroup;
			children = (
				740426172F19900900E398D9 /* LoadingView */,
				740426182F19900900E398D9 /* AchievementsView.swift */,
				740426192F19900900E398D9 /* OnboardingView.swift */,
				7404261A2F19900900E398D9 /* PuzzleLevelView.swift */,
				7404261B2F19900900E398D9 /* SettingsView.swift */,
				7404261C2F19900900E398D9 /* ToolsView.swift */,
				7404261D2F19900900E398D9 /* UtilityView.swift */,
				7404261E2F19900900E398D9 /* WorkshopView.swift */,
			);
			path = Views;
			sourceTree = "<group>";
		};
		7404262A2F19900900E398D9 /* 49RoutineRacer */ = {
			isa = PBXGroup;
			children = (
				740426082F19900900E398D9 /* Constants */,
				7404260F2F19900900E398D9 /* Models */,
				740426132F19900900E398D9 /* ViewModels */,
				7404261F2F19900900E398D9 /* Views */,
				740426202F19900900E398D9 /* AppDelegate.swift */,
				740426212F19900900E398D9 /* Assets.xcassets */,
				740426222F19900900E398D9 /* ContentView.swift */,
				740426232F19900900E398D9 /* Info.plist */,
				740426252F19900900E398D9 /* LaunchScreen.storyboard */,
				740426272F19900900E398D9 /* Main.storyboard */,
				740426282F19900900E398D9 /* SceneDelegate.swift */,
				740426292F19900900E398D9 /* ViewController.swift */,
			);
			path = 49RoutineRacer;
			sourceTree = "<group>";
		};
		74960FEF2F140D56006AD303 = {
			isa = PBXGroup;
			children = (
				7404262A2F19900900E398D9 /* 49RoutineRacer */,
				74960FF92F140D56006AD303 /* Products */,
				63F339E7DDB86C449FFBB6AA /* Pods */,
				901644CF11157C81ECD707F6 /* Frameworks */,
			);
			sourceTree = "<group>";
		};
		74960FF92F140D56006AD303 /* Products */ = {
			isa = PBXGroup;
			children = (
				74960FF82F140D56006AD303 /* 49RoutineRacer.app */,
			);
			name = Products;
			sourceTree = "<group>";
		};
		901644CF11157C81ECD707F6 /* Frameworks */ = {
			isa = PBXGroup;
			children = (
				8C5D7F7766D4F55E635253C8 /* Pods_49RoutineRacer.framework */,
			);
			name = Frameworks;
			sourceTree = "<group>";
		};
/* End PBXGroup section */

/* Begin PBXNativeTarget section */
		74960FF72F140D56006AD303 /* 49RoutineRacer */ = {
			isa = PBXNativeTarget;
			buildConfigurationList = 7496100B2F140D57006AD303 /* Build configuration list for PBXNativeTarget "49RoutineRacer" */;
			buildPhases = (
				B89C4F293627DB65BDCC0AEB /* [CP] Check Pods Manifest.lock */,
				74960FF42F140D56006AD303 /* Sources */,
				74960FF52F140D56006AD303 /* Frameworks */,
				74960FF62F140D56006AD303 /* Resources */,
			);
			buildRules = (
			);
			dependencies = (
			);
			name = 49RoutineRacer;
			productName = 49RoutineRacer;
			productReference = 74960FF82F140D56006AD303 /* 49RoutineRacer.app */;
			productType = "com.apple.product-type.application";
		};
/* End PBXNativeTarget section */

/* Begin PBXProject section */
		74960FF02F140D56006AD303 /* Project object */ = {
			isa = PBXProject;
			attributes = {
				BuildIndependentTargetsInParallel = 1;
				LastSwiftUpdateCheck = 2620;
				LastUpgradeCheck = 2620;
				TargetAttributes = {
					74960FF72F140D56006AD303 = {
						CreatedOnToolsVersion = 26.2;
					};
				};
			};
			buildConfigurationList = 74960FF32F140D56006AD303 /* Build configuration list for PBXProject "49RoutineRacer" */;
			compatibilityVersion = "Xcode 15.0";
			developmentRegion = en;
			hasScannedForEncodings = 0;
			knownRegions = (
				en,
				Base,
			);
			mainGroup = 74960FEF2F140D56006AD303;
			productRefGroup = 74960FF92F140D56006AD303 /* Products */;
			projectDirPath = "";
			projectRoot = "";
			targets = (
				74960FF72F140D56006AD303 /* 49RoutineRacer */,
			);
		};
/* End PBXProject section */

/* Begin PBXResourcesBuildPhase section */
		74960FF62F140D56006AD303 /* Resources */ = {
			isa = PBXResourcesBuildPhase;
			buildActionMask = 2147483647;
			files = (
				7404262B2F19900900E398D9 /* Assets.xcassets in Resources */,
				7404262D2F19900900E398D9 /* LaunchScreen.storyboard in Resources */,
				7404262E2F19900900E398D9 /* Main.storyboard in Resources */,
			);
			runOnlyForDeploymentPostprocessing = 0;
		};
/* End PBXResourcesBuildPhase section */

/* Begin PBXShellScriptBuildPhase section */
		B89C4F293627DB65BDCC0AEB /* [CP] Check Pods Manifest.lock */ = {
			isa = PBXShellScriptBuildPhase;
			buildActionMask = 2147483647;
			files = (
			);
			inputFileListPaths = (
			);
			inputPaths = (
				"${PODS_PODFILE_DIR_PATH}/Podfile.lock",
				"${PODS_ROOT}/Manifest.lock",
			);
			name = "[CP] Check Pods Manifest.lock";
			outputFileListPaths = (
			);
			outputPaths = (
				"$(DERIVED_FILE_DIR)/Pods-49RoutineRacer-checkManifestLockResult.txt",
			);
			runOnlyForDeploymentPostprocessing = 0;
			shellPath = /bin/sh;
			shellScript = "diff \"${PODS_PODFILE_DIR_PATH}/Podfile.lock\" \"${PODS_ROOT}/Manifest.lock\" > /dev/null\nif [ $? != 0 ] ; then\n    # print error to STDERR\n    echo \"error: The sandbox is not in sync with the Podfile.lock. Run 'pod install' or update your CocoaPods installation.\" >&2\n    exit 1\nfi\n# This output is used by Xcode 'outputs' to avoid re-running this script phase.\necho \"SUCCESS\" > \"${SCRIPT_OUTPUT_FILE_0}\"\n";
			showEnvVarsInLog = 0;
		};
/* End PBXShellScriptBuildPhase section */

/* Begin PBXSourcesBuildPhase section */
		74960FF42F140D56006AD303 /* Sources */ = {
			isa = PBXSourcesBuildPhase;
			buildActionMask = 2147483647;
			files = (
				7404262F2F19900900E398D9 /* AppColors.swift in Sources */,
				740426302F19900900E398D9 /* Achievement.swift in Sources */,
				740426312F19900900E398D9 /* GameProgress.swift in Sources */,
				740426322F19900900E398D9 /* PixelElement.swift in Sources */,
				740426332F19900900E398D9 /* RepairType.swift in Sources */,
				740426342F19900900E398D9 /* Tool.swift in Sources */,
				740426352F19900900E398D9 /* ToolStatus.swift in Sources */,
				740426362F19900900E398D9 /* ProgressViewModel.swift in Sources */,
				740426372F19900900E398D9 /* PuzzleLevelViewModel.swift in Sources */,
				740426382F19900900E398D9 /* WorkshopViewModel.swift in Sources */,
				740426392F19900900E398D9 /* CheckLink.swift in Sources */,
				7404263A2F19900900E398D9 /* InternetViewController.swift in Sources */,
				7404263B2F19900900E398D9 /* LoaderViewController.swift in Sources */,
				7404263C2F19900900E398D9 /* AchievementsView.swift in Sources */,
				7404263D2F19900900E398D9 /* OnboardingView.swift in Sources */,
				7404263E2F19900900E398D9 /* PuzzleLevelView.swift in Sources */,
				7404263F2F19900900E398D9 /* SettingsView.swift in Sources */,
				740426402F19900900E398D9 /* ToolsView.swift in Sources */,
				740426412F19900900E398D9 /* UtilityView.swift in Sources */,
				740426422F19900900E398D9 /* WorkshopView.swift in Sources */,
				740426432F19900900E398D9 /* AppDelegate.swift in Sources */,
				740426442F19900900E398D9 /* ContentView.swift in Sources */,
				740426452F19900900E398D9 /* SceneDelegate.swift in Sources */,
				740426462F19900900E398D9 /* ViewController.swift in Sources */,
			);
			runOnlyForDeploymentPostprocessing = 0;
		};
/* End PBXSourcesBuildPhase section */

/* Begin PBXVariantGroup section */
		740426252F19900900E398D9 /* LaunchScreen.storyboard */ = {
			isa = PBXVariantGroup;
			children = (
				740426242F19900900E398D9 /* Base */,
			);
			name = LaunchScreen.storyboard;
			sourceTree = "<group>";
		};
		740426272F19900900E398D9 /* Main.storyboard */ = {
			isa = PBXVariantGroup;
			children = (
				740426262F19900900E398D9 /* Base */,
			);
			name = Main.storyboard;
			sourceTree = "<group>";
		};
/* End PBXVariantGroup section */

/* Begin XCBuildConfiguration section */
		7496100C2F140D57006AD303 /* Debug */ = {
			isa = XCBuildConfiguration;
			baseConfigurationReference = 97AB26F2166D7A5E32FB6F4D /* Pods-49RoutineRacer.debug.xcconfig */;
			buildSettings = {
				ASSETCATALOG_COMPILER_APPICON_NAME = AppIcon;
				ASSETCATALOG_COMPILER_GLOBAL_ACCENT_COLOR_NAME = AccentColor;
				CODE_SIGN_STYLE = Automatic;
				CURRENT_PROJECT_VERSION = 1;
				GENERATE_INFOPLIST_FILE = YES;
				INFOPLIST_FILE = 49RoutineRacer/Info.plist;
				INFOPLIST_KEY_CFBundleDisplayName = "PixeRacer Routine";
				INFOPLIST_KEY_UIApplicationSupportsIndirectInputEvents = YES;
				INFOPLIST_KEY_UILaunchStoryboardName = LaunchScreen;
				INFOPLIST_KEY_UIMainStoryboardFile = Main;
				INFOPLIST_KEY_UISupportedInterfaceOrientations = UIInterfaceOrientationPortrait;
				INFOPLIST_KEY_UISupportedInterfaceOrientations_iPad = "UIInterfaceOrientationLandscapeLeft UIInterfaceOrientationLandscapeRight UIInterfaceOrientationPortrait UIInterfaceOrientationPortraitUpsideDown";
				IPHONEOS_DEPLOYMENT_TARGET = 16.6;
				LD_RUNPATH_SEARCH_PATHS = (
					"$(inherited)",
					"@executable_path/Frameworks",
				);
				MARKETING_VERSION = 1.0;
				PRODUCT_BUNDLE_IDENTIFIER = com.iir.p1x3r8cr9t;
				PRODUCT_NAME = "$(TARGET_NAME)";
				STRING_CATALOG_GENERATE_SYMBOLS = YES;
				SUPPORTED_PLATFORMS = "iphoneos iphonesimulator";
				SUPPORTS_MACCATALYST = NO;
				SUPPORTS_MAC_DESIGNED_FOR_IPHONE_IPAD = NO;
				SUPPORTS_XR_DESIGNED_FOR_IPHONE_IPAD = NO;
				SWIFT_APPROACHABLE_CONCURRENCY = YES;
				SWIFT_DEFAULT_ACTOR_ISOLATION = MainActor;
				SWIFT_EMIT_LOC_STRINGS = YES;
				SWIFT_UPCOMING_FEATURE_MEMBER_IMPORT_VISIBILITY = YES;
				SWIFT_VERSION = 5.0;
				TARGETED_DEVICE_FAMILY = 1;
			};
			name = Debug;
		};
		7496100D2F140D57006AD303 /* Release */ = {
			isa = XCBuildConfiguration;
			baseConfigurationReference = AE90A458247572320465E185 /* Pods-49RoutineRacer.release.xcconfig */;
			buildSettings = {
				ASSETCATALOG_COMPILER_APPICON_NAME = AppIcon;
				ASSETCATALOG_COMPILER_GLOBAL_ACCENT_COLOR_NAME = AccentColor;
				CODE_SIGN_STYLE = Automatic;
				CURRENT_PROJECT_VERSION = 1;
				GENERATE_INFOPLIST_FILE = YES;
				INFOPLIST_FILE = 49RoutineRacer/Info.plist;
				INFOPLIST_KEY_CFBundleDisplayName = "PixeRacer Routine";
				INFOPLIST_KEY_UIApplicationSupportsIndirectInputEvents = YES;
				INFOPLIST_KEY_UILaunchStoryboardName = LaunchScreen;
				INFOPLIST_KEY_UIMainStoryboardFile = Main;
				INFOPLIST_KEY_UISupportedInterfaceOrientations = UIInterfaceOrientationPortrait;
				INFOPLIST_KEY_UISupportedInterfaceOrientations_iPad = "UIInterfaceOrientationLandscapeLeft UIInterfaceOrientationLandscapeRight UIInterfaceOrientationPortrait UIInterfaceOrientationPortraitUpsideDown";
				IPHONEOS_DEPLOYMENT_TARGET = 16.6;
				LD_RUNPATH_SEARCH_PATHS = (
					"$(inherited)",
					"@executable_path/Frameworks",
				);
				MARKETING_VERSION = 1.0;
				PRODUCT_BUNDLE_IDENTIFIER = com.iir.p1x3r8cr9t;
				PRODUCT_NAME = "$(TARGET_NAME)";
				STRING_CATALOG_GENERATE_SYMBOLS = YES;
				SUPPORTED_PLATFORMS = "iphoneos iphonesimulator";
				SUPPORTS_MACCATALYST = NO;
				SUPPORTS_MAC_DESIGNED_FOR_IPHONE_IPAD = NO;
				SUPPORTS_XR_DESIGNED_FOR_IPHONE_IPAD = NO;
				SWIFT_APPROACHABLE_CONCURRENCY = YES;
				SWIFT_DEFAULT_ACTOR_ISOLATION = MainActor;
				SWIFT_EMIT_LOC_STRINGS = YES;
				SWIFT_UPCOMING_FEATURE_MEMBER_IMPORT_VISIBILITY = YES;
				SWIFT_VERSION = 5.0;
				TARGETED_DEVICE_FAMILY = 1;
			};
			name = Release;
		};
		7496100E2F140D57006AD303 /* Debug */ = {
			isa = XCBuildConfiguration;
			buildSettings = {
				ALWAYS_SEARCH_USER_PATHS = NO;
				ASSETCATALOG_COMPILER_GENERATE_SWIFT_ASSET_SYMBOL_EXTENSIONS = YES;
				CLANG_ANALYZER_NONNULL = YES;
				CLANG_ANALYZER_NUMBER_OBJECT_CONVERSION = YES_AGGRESSIVE;
				CLANG_CXX_LANGUAGE_STANDARD = "gnu++20";
				CLANG_ENABLE_MODULES = YES;
				CLANG_ENABLE_OBJC_ARC = YES;
				CLANG_ENABLE_OBJC_WEAK = YES;
				CLANG_WARN_BLOCK_CAPTURE_AUTORELEASING = YES;
				CLANG_WARN_BOOL_CONVERSION = YES;
				CLANG_WARN_COMMA = YES;
				CLANG_WARN_CONSTANT_CONVERSION = YES;
				CLANG_WARN_DEPRECATED_OBJC_IMPLEMENTATIONS = YES;
				CLANG_WARN_DIRECT_OBJC_ISA_USAGE = YES_ERROR;
				CLANG_WARN_DOCUMENTATION_COMMENTS = YES;
				CLANG_WARN_EMPTY_BODY = YES;
				CLANG_WARN_ENUM_CONVERSION = YES;
				CLANG_WARN_INFINITE_RECURSION = YES;
				CLANG_WARN_INT_CONVERSION = YES;
				CLANG_WARN_NON_LITERAL_NULL_CONVERSION = YES;
				CLANG_WARN_OBJC_IMPLICIT_RETAIN_SELF = YES;
				CLANG_WARN_OBJC_LITERAL_CONVERSION = YES;
				CLANG_WARN_OBJC_ROOT_CLASS = YES_ERROR;
				CLANG_WARN_QUOTED_INCLUDE_IN_FRAMEWORK_HEADER = YES;
				CLANG_WARN_RANGE_LOOP_ANALYSIS = YES;
				CLANG_WARN_STRICT_PROTOTYPES = YES;
				CLANG_WARN_SUSPICIOUS_MOVE = YES;
				CLANG_WARN_UNGUARDED_AVAILABILITY = YES_AGGRESSIVE;
				CLANG_WARN_UNREACHABLE_CODE = YES;
				CLANG_WARN__DUPLICATE_METHOD_MATCH = YES;
				COPY_PHASE_STRIP = NO;
				DEBUG_INFORMATION_FORMAT = dwarf;
				ENABLE_STRICT_OBJC_MSGSEND = YES;
				ENABLE_TESTABILITY = YES;
				ENABLE_USER_SCRIPT_SANDBOXING = YES;
				GCC_C_LANGUAGE_STANDARD = gnu17;
				GCC_DYNAMIC_NO_PIC = NO;
				GCC_NO_COMMON_BLOCKS = YES;
				GCC_OPTIMIZATION_LEVEL = 0;
				GCC_PREPROCESSOR_DEFINITIONS = (
					"DEBUG=1",
					"$(inherited)",
				);
				GCC_WARN_64_TO_32_BIT_CONVERSION = YES;
				GCC_WARN_ABOUT_RETURN_TYPE = YES_ERROR;
				GCC_WARN_UNDECLARED_SELECTOR = YES;
				GCC_WARN_UNINITIALIZED_AUTOS = YES_AGGRESSIVE;
				GCC_WARN_UNUSED_FUNCTION = YES;
				GCC_WARN_UNUSED_VARIABLE = YES;
				IPHONEOS_DEPLOYMENT_TARGET = 26.2;
				LOCALIZATION_PREFERS_STRING_CATALOGS = YES;
				MTL_ENABLE_DEBUG_INFO = INCLUDE_SOURCE;
				MTL_FAST_MATH = YES;
				ONLY_ACTIVE_ARCH = YES;
				SDKROOT = iphoneos;
				SWIFT_ACTIVE_COMPILATION_CONDITIONS = "DEBUG $(inherited)";
				SWIFT_OPTIMIZATION_LEVEL = "-Onone";
			};
			name = Debug;
		};
		7496100F2F140D57006AD303 /* Release */ = {
			isa = XCBuildConfiguration;
			buildSettings = {
				ALWAYS_SEARCH_USER_PATHS = NO;
				ASSETCATALOG_COMPILER_GENERATE_SWIFT_ASSET_SYMBOL_EXTENSIONS = YES;
				CLANG_ANALYZER_NONNULL = YES;
				CLANG_ANALYZER_NUMBER_OBJECT_CONVERSION = YES_AGGRESSIVE;
				CLANG_CXX_LANGUAGE_STANDARD = "gnu++20";
				CLANG_ENABLE_MODULES = YES;
				CLANG_ENABLE_OBJC_ARC = YES;
				CLANG_ENABLE_OBJC_WEAK = YES;
				CLANG_WARN_BLOCK_CAPTURE_AUTORELEASING = YES;
				CLANG_WARN_BOOL_CONVERSION = YES;
				CLANG_WARN_COMMA = YES;
				CLANG_WARN_CONSTANT_CONVERSION = YES;
				CLANG_WARN_DEPRECATED_OBJC_IMPLEMENTATIONS = YES;
				CLANG_WARN_DIRECT_OBJC_ISA_USAGE = YES_ERROR;
				CLANG_WARN_DOCUMENTATION_COMMENTS = YES;
				CLANG_WARN_EMPTY_BODY = YES;
				CLANG_WARN_ENUM_CONVERSION = YES;
				CLANG_WARN_INFINITE_RECURSION = YES;
				CLANG_WARN_INT_CONVERSION = YES;
				CLANG_WARN_NON_LITERAL_NULL_CONVERSION = YES;
				CLANG_WARN_OBJC_IMPLICIT_RETAIN_SELF = YES;
				CLANG_WARN_OBJC_LITERAL_CONVERSION = YES;
				CLANG_WARN_OBJC_ROOT_CLASS = YES_ERROR;
				CLANG_WARN_QUOTED_INCLUDE_IN_FRAMEWORK_HEADER = YES;
				CLANG_WARN_RANGE_LOOP_ANALYSIS = YES;
				CLANG_WARN_STRICT_PROTOTYPES = YES;
				CLANG_WARN_SUSPICIOUS_MOVE = YES;
				CLANG_WARN_UNGUARDED_AVAILABILITY = YES_AGGRESSIVE;
				CLANG_WARN_UNREACHABLE_CODE = YES;
				CLANG_WARN__DUPLICATE_METHOD_MATCH = YES;
				COPY_PHASE_STRIP = NO;
				DEBUG_INFORMATION_FORMAT = "dwarf-with-dsym";
				ENABLE_NS_ASSERTIONS = NO;
				ENABLE_STRICT_OBJC_MSGSEND = YES;
				ENABLE_USER_SCRIPT_SANDBOXING = YES;
				GCC_C_LANGUAGE_STANDARD = gnu17;
				GCC_NO_COMMON_BLOCKS = YES;
				GCC_WARN_64_TO_32_BIT_CONVERSION = YES;
				GCC_WARN_ABOUT_RETURN_TYPE = YES_ERROR;
				GCC_WARN_UNDECLARED_SELECTOR = YES;
				GCC_WARN_UNINITIALIZED_AUTOS = YES_AGGRESSIVE;
				GCC_WARN_UNUSED_FUNCTION = YES;
				GCC_WARN_UNUSED_VARIABLE = YES;
				IPHONEOS_DEPLOYMENT_TARGET = 26.2;
				LOCALIZATION_PREFERS_STRING_CATALOGS = YES;
				MTL_ENABLE_DEBUG_INFO = NO;
				MTL_FAST_MATH = YES;
				SDKROOT = iphoneos;
				SWIFT_COMPILATION_MODE = wholemodule;
				VALIDATE_PRODUCT = YES;
			};
			name = Release;
		};
/* End XCBuildConfiguration section */

/* Begin XCConfigurationList section */
		74960FF32F140D56006AD303 /* Build configuration list for PBXProject "49RoutineRacer" */ = {
			isa = XCConfigurationList;
			buildConfigurations = (
				7496100E2F140D57006AD303 /* Debug */,
				7496100F2F140D57006AD303 /* Release */,
			);
			defaultConfigurationIsVisible = 0;
			defaultConfigurationName = Release;
		};
		7496100B2F140D57006AD303 /* Build configuration list for PBXNativeTarget "49RoutineRacer" */ = {
			isa = XCConfigurationList;
			buildConfigurations = (
				7496100C2F140D57006AD303 /* Debug */,
				7496100D2F140D57006AD303 /* Release */,
			);
			defaultConfigurationIsVisible = 0;
			defaultConfigurationName = Release;
		};
/* End XCConfigurationList section */
	};
	rootObject = 74960FF02F140D56006AD303 /* Project object */;
}
